
Microsoft Visual Studio Solution File, Format Version 12.00
# Visual Studio Version 17
VisualStudioVersion = 17.11.35312.102
MinimumVisualStudioVersion = 10.0.40219.1
Project("{FAE04EC0-301F-11D3-BF4B-00C04F79EFBC}") = "ButterBot", "ButterBot\ButterBot.csproj", "{B9C65B4B-01B5-4684-9286-88EE67939C61}"
EndProject
Global
	GlobalSection(SolutionConfigurationPlatforms) = preSolution
		Debug|Any CPU = Debug|Any CPU
		Release|Any CPU = Release|Any CPU
	EndGlobalSection
	GlobalSection(ProjectConfigurationPlatforms) = postSolution
		{B9C65B4B-01B5-4684-9286-88EE67939C61}.Debug|Any CPU.ActiveCfg = Debug|Any CPU
		{B9C65B4B-01B5-4684-9286-88EE67939C61}.Debug|Any CPU.Build.0 = Debug|Any CPU
		{B9C65B4B-01B5-4684-9286-88EE67939C61}.Release|Any CPU.ActiveCfg = Release|Any CPU
		{B9C65B4B-01B5-4684-9286-88EE67939C61}.Release|Any CPU.Build.0 = Release|Any CPU
	EndGlobalSection
	GlobalSection(SolutionProperties) = preSolution
		HideSolutionNode = FALSE
	EndGlobalSection
	GlobalSection(ExtensibilityGlobals) = postSolution
		SolutionGuid = {A554CE18-D93E-41F1-9642-DFD37A3DAEF5}
	EndGlobalSection
EndGlobal
